
Microsoft Visual Studio Solution File, Format Version 12.00
# Visual Studio 15
VisualStudioVersion = 15.0.28010.2050
MinimumVisualStudioVersion = 10.0.40219.1
Project("{FAE04EC0-301F-11D3-BF4B-00C04F79EFBC}") = "OpenCv4CameraTest", "OpenCv4CameraTest\OpenCv4CameraTest.csproj", "{DB93A7BC-BAFB-4198-8A80-DDF68C99E52B}"
EndProject
Global
	GlobalSection(SolutionConfigurationPlatforms) = preSolution
		Debug|Any CPU = Debug|Any CPU
		Release|Any CPU = Release|Any CPU
	EndGlobalSection
	GlobalSection(ProjectConfigurationPlatforms) = postSolution
		{DB93A7BC-BAFB-4198-8A80-DDF68C99E52B}.Debug|Any CPU.ActiveCfg = Debug|Any CPU
		{DB93A7BC-BAFB-4198-8A80-DDF68C99E52B}.Debug|Any CPU.Build.0 = Debug|Any CPU
		{DB93A7BC-BAFB-4198-8A80-DDF68C99E52B}.Release|Any CPU.ActiveCfg = Release|Any CPU
		{DB93A7BC-BAFB-4198-8A80-DDF68C99E52B}.Release|Any CPU.Build.0 = Release|Any CPU
	EndGlobalSection
	GlobalSection(SolutionProperties) = preSolution
		HideSolutionNode = FALSE
	EndGlobalSection
	GlobalSection(ExtensibilityGlobals) = postSolution
		SolutionGuid = {F181F87A-C50B-451E-B47E-57B3289886F4}
	EndGlobalSection
EndGlobal
